// !$*UTF8*$!
{
	archiveVersion = 1;
	classes = {
	};
	objectVersion = 46;
	objects = {

/* Begin PBXBuildFile section */
		0207DA581B56EA530066E2B4 /* Images.xcassets in Resources */ = {isa = PBXBuildFile; fileRef = 0207DA571B56EA530066E2B4 /* Images.xcassets */; };
		09F1BAA5067141048E783470 /* libGGLCore.a in Frameworks */ = {isa = PBXBuildFile; fileRef = 394C7BB562B0466D817B5508 /* libGGLCore.a */; };
		146CA72EBD1B4BB2A13359FF /* libProtocolBuffers.a in Frameworks */ = {isa = PBXBuildFile; fileRef = 289219C1A2294908A0E97933 /* libProtocolBuffers.a */; };
		15E5707BA7BC4D23B83A2363 /* QuartzCore.framework in Frameworks */ = {isa = PBXBuildFile; fileRef = 76FAF32FE4D8437D878FD335 /* QuartzCore.framework */; };
		1D3623260D0F684500981E51 /* AppDelegate.m in Sources */ = {isa = PBXBuildFile; fileRef = 1D3623250D0F684500981E51 /* AppDelegate.m */; };
		1D60589B0D05DD56006BFB54 /* main.m in Sources */ = {isa = PBXBuildFile; fileRef = 29B97316FDCFA39411CA2CEA /* main.m */; };
		21EC9FC1561C4869921F8D1C /* FBSDKShareKit.framework in Frameworks */ = {isa = PBXBuildFile; fileRef = 3780E6922BC04EE7B6BB56A9 /* FBSDKShareKit.framework */; };
		226237EC186F4E48968752CB /* SQLitePlugin.m in Sources */ = {isa = PBXBuildFile; fileRef = 8EFA8B4B31B544598B9DDDA1 /* SQLitePlugin.m */; };
		2354219983B14F539A8EEE20 /* MessageUI.framework in Frameworks */ = {isa = PBXBuildFile; fileRef = AAC62139A9294121A889F73D /* MessageUI.framework */; settings = {ATTRIBUTES = (Weak, ); }; };
		23AB5015044845F1AA7C7004 /* CDVDevice.m in Sources */ = {isa = PBXBuildFile; fileRef = D2E34AF9532F4AB086CD20CE /* CDVDevice.m */; };
		279714D546344F89940E0E50 /* libGTM_NSDictionary+URLArguments.a in Frameworks */ = {isa = PBXBuildFile; fileRef = 52EC9D286D3F445BBDEDEC49 /* libGTM_NSDictionary+URLArguments.a */; };
		2AFFDCFA2FD54E1E9783BDAA /* libGTM_UIFont+LineHeight.a in Frameworks */ = {isa = PBXBuildFile; fileRef = 3873C83471CB456388F53E4C /* libGTM_UIFont+LineHeight.a */; };
		2B25010AD7B74ECB98D8510C /* libGTMSessionFetcher_full.a in Frameworks */ = {isa = PBXBuildFile; fileRef = 1A054B15785F430997731C4C /* libGTMSessionFetcher_full.a */; };
		2C0AD49B19E84A4D9FC29AE2 /* libz.tbd in Frameworks */ = {isa = PBXBuildFile; fileRef = 8E3461CBC6314F15AB0F3340 /* libz.tbd */; };
		301BF552109A68D80062928A /* libCordova.a in Frameworks */ = {isa = PBXBuildFile; fileRef = 301BF535109A57CC0062928A /* libCordova.a */; };
		302D95F114D2391D003F00A1 /* MainViewController.m in Sources */ = {isa = PBXBuildFile; fileRef = 302D95EF14D2391D003F00A1 /* MainViewController.m */; };
		302D95F214D2391D003F00A1 /* MainViewController.xib in Resources */ = {isa = PBXBuildFile; fileRef = 302D95F014D2391D003F00A1 /* MainViewController.xib */; };
		3135DE30E0E9495CBF371672 /* libGTM_RoundedRectPath.a in Frameworks */ = {isa = PBXBuildFile; fileRef = B313AA6799944EC8A58F2DB9 /* libGTM_RoundedRectPath.a */; };
		3266F22475304ACB9BC2AB8D /* libGGLInstanceIDLib.a in Frameworks */ = {isa = PBXBuildFile; fileRef = F9F09F9AE5F642A8BA47FD36 /* libGGLInstanceIDLib.a */; };
		37FFD644547D4DCEB31A9785 /* libGcmLib.a in Frameworks */ = {isa = PBXBuildFile; fileRef = 5BC2F694E00B4A87A0A489EB /* libGcmLib.a */; };
		3EAFDAD9FBD5481AAB512F9A /* libGTMStackTrace.a in Frameworks */ = {isa = PBXBuildFile; fileRef = A5FC4D2AADE94119B285E0DC /* libGTMStackTrace.a */; };
		3EF6E9FD0A8A4FB89DD8234B /* libGTM_AddressBook.a in Frameworks */ = {isa = PBXBuildFile; fileRef = 8DDB14A1F1064057815BD3AC /* libGTM_AddressBook.a */; };
		3F6E2DD6EBA34F9591BCF09E /* libGTM_NSStringXML.a in Frameworks */ = {isa = PBXBuildFile; fileRef = B1A82A61DB244BFFB7ADA4F4 /* libGTM_NSStringXML.a */; };
		481C2FCC0E4748B7BD093111 /* libGTMSessionFetcher_core.a in Frameworks */ = {isa = PBXBuildFile; fileRef = 6366050C832B4842BB9334BF /* libGTMSessionFetcher_core.a */; };
		4A0135FDC5D54D2CB19972CB /* FBSDKCoreKit.framework in Frameworks */ = {isa = PBXBuildFile; fileRef = B62EB76E1307407FBDD319AE /* FBSDKCoreKit.framework */; };
		6EC48BFB61A14DC6848B83C4 /* libGTM_GTMURLBuilder.a in Frameworks */ = {isa = PBXBuildFile; fileRef = CF11DDC8BC1D4D5A8BD218DF /* libGTM_GTMURLBuilder.a */; };
		6F1FE30A551646E0AB787D21 /* FBSDKLoginKit.framework in Frameworks */ = {isa = PBXBuildFile; fileRef = 74F34A604A0D40A9A43C484B /* FBSDKLoginKit.framework */; };
		75C0094C8B644BAFB65E453C /* libGTM_SystemVersion.a in Frameworks */ = {isa = PBXBuildFile; fileRef = EA76B5AFE24C4AE59F8F4A89 /* libGTM_SystemVersion.a */; };
		75C5E4772FDA4563997049B7 /* PushPlugin.m in Sources */ = {isa = PBXBuildFile; fileRef = 3E38F1BFB39544F6AE42BE81 /* PushPlugin.m */; };
		7B418817AD41414191A6544C /* Bolts.framework in Frameworks */ = {isa = PBXBuildFile; fileRef = 91A55FB522144128B6FA8F7A /* Bolts.framework */; };
		7BA4749B0A054694BF600396 /* CDVLocation.m in Sources */ = {isa = PBXBuildFile; fileRef = D9847A5E378443BE826BCD26 /* CDVLocation.m */; };
		8A9EE2808E88458685E7155C /* Toast.m in Sources */ = {isa = PBXBuildFile; fileRef = 2B80AE15285B4744BC180CB6 /* Toast.m */; };
		8DE7136BC01448449AA37D8D /* libGTM_core.a in Frameworks */ = {isa = PBXBuildFile; fileRef = 2759F74F92E842788DC4988F /* libGTM_core.a */; };
		919D342C294E4C06AEE79773 /* Sms.m in Sources */ = {isa = PBXBuildFile; fileRef = 3A3B961BFEAB4CFE90E910D7 /* Sms.m */; };
		940D1F5DF66A4617A4DF7683 /* IonicKeyboard.m in Sources */ = {isa = PBXBuildFile; fileRef = 707DB5B4E4F5403C8461B0B5 /* IonicKeyboard.m */; };
		9EB2196234514363B0C9E299 /* CDVSplashScreen.m in Sources */ = {isa = PBXBuildFile; fileRef = 03258482B89B4E8AA0729AEC /* CDVSplashScreen.m */; };
		A0813553B6C945EFBDD28F0E /* Toast+UIView.m in Sources */ = {isa = PBXBuildFile; fileRef = 8D54190936FB4BFD81BF5D44 /* Toast+UIView.m */; };
		A81E23D955E64DE4BBD11B40 /* libGTM_NSData+zlib.a in Frameworks */ = {isa = PBXBuildFile; fileRef = B395637B25EB4EF2B4A0907C /* libGTM_NSData+zlib.a */; };
		A82D2BAB03F04DD98E4C463C /* FacebookConnectPlugin.m in Sources */ = {isa = PBXBuildFile; fileRef = F931CA9A1FC742CFBECBAFF3 /* FacebookConnectPlugin.m */; };
		A8A22D6CFC8147E2AB733C7B /* AppDelegate+notification.m in Sources */ = {isa = PBXBuildFile; fileRef = FE42302C96254C8AA7387840 /* AppDelegate+notification.m */; };
		A8C5C8C7D818407190A9F37A /* libsqlite3.tbd in Frameworks */ = {isa = PBXBuildFile; fileRef = 141130E7810442BCA0AE3227 /* libsqlite3.tbd */; };
		AC4C8FA6E8814A03843A1800 /* sqlite3.c in Sources */ = {isa = PBXBuildFile; fileRef = C83E526D480741CAB4DCA999 /* sqlite3.c */; settings = {COMPILER_FLAGS = "-DSQLITE_TEMP_STORE=2 -DSQLITE_THREADSAFE=2 -DSQLITE_ENABLE_FTS3 -DSQLITE_ENABLE_FTS3_PARENTHESIS -DSQLITE_ENABLE_FTS4 -DSQLITE_ENABLE_COLUMN_METADATA -DSQLITE_ENABLE_RTREE -DSQLITE_LOCKING_STYLE=1 -DSQLITE_OMIT_BUILTIN_TEST -DSQLITE_OMIT_LOAD_EXTENSION"; }; };
		B113FFA75A6349DB89B16729 /* libGTM_NSScannerJSON.a in Frameworks */ = {isa = PBXBuildFile; fileRef = FE9ECAB2ADAE43569D280419 /* libGTM_NSScannerJSON.a */; };
		B15A8EB8F9A34F64B9440E8D /* libGTM_DebugUtils.a in Frameworks */ = {isa = PBXBuildFile; fileRef = 828E1AB0FEAC48C89FAC7ED0 /* libGTM_DebugUtils.a */; };
		B6D8D3A4B5D44390A13BF952 /* libGTM_iPhone.a in Frameworks */ = {isa = PBXBuildFile; fileRef = 7BB0E6C0A4684EF1828B33DA /* libGTM_iPhone.a */; };
		B717D886079F4751ABAE5601 /* AddressBook.framework in Frameworks */ = {isa = PBXBuildFile; fileRef = 0BCF0036113D43E3B61E4DEE /* AddressBook.framework */; };
		C037F48606964089A939394F /* CoreLocation.framework in Frameworks */ = {isa = PBXBuildFile; fileRef = 36BF99392EC842FEB7966AF4 /* CoreLocation.framework */; };
		C2962C452F9C47DE973E293E /* libGTM_KVO.a in Frameworks */ = {isa = PBXBuildFile; fileRef = CB7845BD27B146FCADF7DA24 /* libGTM_KVO.a */; };
		C524FC3CBCA24BF58F82D631 /* CDVLogger.m in Sources */ = {isa = PBXBuildFile; fileRef = 3180D96BFC48414884AE9807 /* CDVLogger.m */; };
		D5FE31D39BAF4E8DB0CB8F66 /* CDVStatusBar.m in Sources */ = {isa = PBXBuildFile; fileRef = 8BEB2245D35C47AAB2F13E35 /* CDVStatusBar.m */; };
		D64D29B751AC4756BCADCA74 /* libGIP_Reachability.a in Frameworks */ = {isa = PBXBuildFile; fileRef = E6995ADCBED54A1F90639A2E /* libGIP_Reachability.a */; };
		DACACD4FB4334414B3528546 /* libGSDK_Overload.a in Frameworks */ = {isa = PBXBuildFile; fileRef = D6D554BE36F044289BED88CB /* libGSDK_Overload.a */; };
		E15EF214794842BF9BDC135B /* libGTM_NSStringHTML.a in Frameworks */ = {isa = PBXBuildFile; fileRef = 41444A84009646C18DF9D0B8 /* libGTM_NSStringHTML.a */; };
		E9821347CCE24799966E3C89 /* libGGLCloudMessaging.a in Frameworks */ = {isa = PBXBuildFile; fileRef = 7C2E9AEDE37D4506B5D45989 /* libGGLCloudMessaging.a */; };
		EBB31B99CEB144F59CE78193 /* libGTM_StringEncoding.a in Frameworks */ = {isa = PBXBuildFile; fileRef = 2CE2E14BDB1A4F2EB29B97AD /* libGTM_StringEncoding.a */; };
		F351343D42C74A97BB2810F1 /* libGTM_Regex.a in Frameworks */ = {isa = PBXBuildFile; fileRef = E33EC5A3974341F7A51643CC /* libGTM_Regex.a */; };
		FCBE9290B3834950B3FC9169 /* CDVViewController+SplashScreen.m in Sources */ = {isa = PBXBuildFile; fileRef = 90F674D20A2144199C2A3409 /* CDVViewController+SplashScreen.m */; };
/* End PBXBuildFile section */

/* Begin PBXContainerItemProxy section */
		301BF534109A57CC0062928A /* PBXContainerItemProxy */ = {
			isa = PBXContainerItemProxy;
			containerPortal = 301BF52D109A57CC0062928A /* CordovaLib.xcodeproj */;
			proxyType = 2;
			remoteGlobalIDString = D2AAC07E0554694100DB518D;
			remoteInfo = CordovaLib;
		};
		301BF550109A68C00062928A /* PBXContainerItemProxy */ = {
			isa = PBXContainerItemProxy;
			containerPortal = 301BF52D109A57CC0062928A /* CordovaLib.xcodeproj */;
			proxyType = 1;
			remoteGlobalIDString = D2AAC07D0554694100DB518D;
			remoteInfo = CordovaLib;
		};
/* End PBXContainerItemProxy section */

/* Begin PBXFileReference section */
		0207DA571B56EA530066E2B4 /* Images.xcassets */ = {isa = PBXFileReference; lastKnownFileType = folder.assetcatalog; name = Images.xcassets; path = vkirirom/Images.xcassets; sourceTree = SOURCE_ROOT; };
		03258482B89B4E8AA0729AEC /* CDVSplashScreen.m */ = {isa = PBXFileReference; explicitFileType = undefined; fileEncoding = 4; includeInIndex = 0; lastKnownFileType = sourcecode.c.objc; name = CDVSplashScreen.m; path = "cordova-plugin-splashscreen/CDVSplashScreen.m"; sourceTree = "<group>"; };
		046CCA9166C34694B05851CB /* GGLInstanceID.h */ = {isa = PBXFileReference; explicitFileType = undefined; fileEncoding = 4; includeInIndex = 0; lastKnownFileType = sourcecode.c.h; name = GGLInstanceID.h; path = "phonegap-plugin-push/GCM/Headers/GGLInstanceID.h"; sourceTree = "<group>"; };
		0BCF0036113D43E3B61E4DEE /* AddressBook.framework */ = {isa = PBXFileReference; explicitFileType = undefined; fileEncoding = 9; includeInIndex = 0; lastKnownFileType = wrapper.framework; name = AddressBook.framework; path = System/Library/Frameworks/AddressBook.framework; sourceTree = SDKROOT; };
		141130E7810442BCA0AE3227 /* libsqlite3.tbd */ = {isa = PBXFileReference; explicitFileType = undefined; fileEncoding = 9; includeInIndex = 0; lastKnownFileType = "sourcecode.text-based-dylib-definition"; name = libsqlite3.tbd; path = usr/lib/libsqlite3.tbd; sourceTree = SDKROOT; };
		1A054B15785F430997731C4C /* libGTMSessionFetcher_full.a */ = {isa = PBXFileReference; explicitFileType = undefined; fileEncoding = 9; includeInIndex = 0; lastKnownFileType = archive.ar; name = libGTMSessionFetcher_full.a; path = "vkirirom/Plugins/phonegap-plugin-push/GCM/Libraries/libGTMSessionFetcher_full.a"; sourceTree = "<group>"; };
		1D3623240D0F684500981E51 /* AppDelegate.h */ = {isa = PBXFileReference; fileEncoding = 4; lastKnownFileType = sourcecode.c.h; path = AppDelegate.h; sourceTree = "<group>"; };
		1D3623250D0F684500981E51 /* AppDelegate.m */ = {isa = PBXFileReference; fileEncoding = 4; lastKnownFileType = sourcecode.c.objc; path = AppDelegate.m; sourceTree = "<group>"; };
		1D6058910D05DD3D006BFB54 /* vkirirom.app */ = {isa = PBXFileReference; explicitFileType = wrapper.application; includeInIndex = 0; path = vkirirom.app; sourceTree = BUILT_PRODUCTS_DIR; };
		2022BD302115466B9F0DACCB /* GGLContext+CloudMessaging.h */ = {isa = PBXFileReference; explicitFileType = undefined; fileEncoding = 4; includeInIndex = 0; lastKnownFileType = sourcecode.c.h; name = "GGLContext+CloudMessaging.h"; path = "phonegap-plugin-push/GCM/Headers/GGLContext+CloudMessaging.h"; sourceTree = "<group>"; };
		2759F74F92E842788DC4988F /* libGTM_core.a */ = {isa = PBXFileReference; explicitFileType = undefined; fileEncoding = 9; includeInIndex = 0; lastKnownFileType = archive.ar; name = libGTM_core.a; path = "vkirirom/Plugins/phonegap-plugin-push/GCM/Libraries/libGTM_core.a"; sourceTree = "<group>"; };
		289219C1A2294908A0E97933 /* libProtocolBuffers.a */ = {isa = PBXFileReference; explicitFileType = undefined; fileEncoding = 9; includeInIndex = 0; lastKnownFileType = archive.ar; name = libProtocolBuffers.a; path = "vkirirom/Plugins/phonegap-plugin-push/GCM/Libraries/libProtocolBuffers.a"; sourceTree = "<group>"; };
		29B97316FDCFA39411CA2CEA /* main.m */ = {isa = PBXFileReference; fileEncoding = 4; lastKnownFileType = sourcecode.c.objc; path = main.m; sourceTree = "<group>"; };
		2B80AE15285B4744BC180CB6 /* Toast.m */ = {isa = PBXFileReference; explicitFileType = undefined; fileEncoding = 4; includeInIndex = 0; lastKnownFileType = sourcecode.c.objc; name = Toast.m; path = "cordova-plugin-x-toast/Toast.m"; sourceTree = "<group>"; };
		2CE2E14BDB1A4F2EB29B97AD /* libGTM_StringEncoding.a */ = {isa = PBXFileReference; explicitFileType = undefined; fileEncoding = 9; includeInIndex = 0; lastKnownFileType = archive.ar; name = libGTM_StringEncoding.a; path = "vkirirom/Plugins/phonegap-plugin-push/GCM/Libraries/libGTM_StringEncoding.a"; sourceTree = "<group>"; };
		2D018092BBF84668BC65B5DD /* CloudMessaging.h */ = {isa = PBXFileReference; explicitFileType = undefined; fileEncoding = 4; includeInIndex = 0; lastKnownFileType = sourcecode.c.h; name = CloudMessaging.h; path = "phonegap-plugin-push/GCM/Headers/CloudMessaging.h"; sourceTree = "<group>"; };
		2F8E2461E45341DB8C641BE0 /* GCMService.h */ = {isa = PBXFileReference; explicitFileType = undefined; fileEncoding = 4; includeInIndex = 0; lastKnownFileType = sourcecode.c.h; name = GCMService.h; path = "phonegap-plugin-push/GCM/Headers/GCMService.h"; sourceTree = "<group>"; };
		301BF52D109A57CC0062928A /* CordovaLib.xcodeproj */ = {isa = PBXFileReference; lastKnownFileType = "wrapper.pb-project"; name = CordovaLib.xcodeproj; path = CordovaLib/CordovaLib.xcodeproj; sourceTree = "<group>"; };
		301BF56E109A69640062928A /* www */ = {isa = PBXFileReference; lastKnownFileType = folder; path = www; sourceTree = SOURCE_ROOT; };
		302D95EE14D2391D003F00A1 /* MainViewController.h */ = {isa = PBXFileReference; fileEncoding = 4; lastKnownFileType = sourcecode.c.h; path = MainViewController.h; sourceTree = "<group>"; };
		302D95EF14D2391D003F00A1 /* MainViewController.m */ = {isa = PBXFileReference; fileEncoding = 4; lastKnownFileType = sourcecode.c.objc; path = MainViewController.m; sourceTree = "<group>"; };
		302D95F014D2391D003F00A1 /* MainViewController.xib */ = {isa = PBXFileReference; fileEncoding = 4; lastKnownFileType = file.xib; path = MainViewController.xib; sourceTree = "<group>"; };
		3047A50F1AB8059700498E2A /* build-debug.xcconfig */ = {isa = PBXFileReference; fileEncoding = 4; lastKnownFileType = text.xcconfig; name = "build-debug.xcconfig"; path = "cordova/build-debug.xcconfig"; sourceTree = SOURCE_ROOT; };
		3047A5101AB8059700498E2A /* build-release.xcconfig */ = {isa = PBXFileReference; fileEncoding = 4; lastKnownFileType = text.xcconfig; name = "build-release.xcconfig"; path = "cordova/build-release.xcconfig"; sourceTree = SOURCE_ROOT; };
		3047A5111AB8059700498E2A /* build.xcconfig */ = {isa = PBXFileReference; fileEncoding = 4; lastKnownFileType = text.xcconfig; name = build.xcconfig; path = cordova/build.xcconfig; sourceTree = SOURCE_ROOT; };
		3180D96BFC48414884AE9807 /* CDVLogger.m */ = {isa = PBXFileReference; explicitFileType = undefined; fileEncoding = 4; includeInIndex = 0; lastKnownFileType = sourcecode.c.objc; name = CDVLogger.m; path = "cordova-plugin-console/CDVLogger.m"; sourceTree = "<group>"; };
		32CA4F630368D1EE00C91783 /* vkirirom-Prefix.pch */ = {isa = PBXFileReference; fileEncoding = 4; lastKnownFileType = sourcecode.c.h; path = "vkirirom-Prefix.pch"; sourceTree = "<group>"; };
		357F4B5E26564D10B48FC900 /* GCMReceiverDelegate.h */ = {isa = PBXFileReference; explicitFileType = undefined; fileEncoding = 4; includeInIndex = 0; lastKnownFileType = sourcecode.c.h; name = GCMReceiverDelegate.h; path = "phonegap-plugin-push/GCM/Headers/GCMReceiverDelegate.h"; sourceTree = "<group>"; };
		36BF99392EC842FEB7966AF4 /* CoreLocation.framework */ = {isa = PBXFileReference; explicitFileType = undefined; fileEncoding = 9; includeInIndex = 0; lastKnownFileType = wrapper.framework; name = CoreLocation.framework; path = System/Library/Frameworks/CoreLocation.framework; sourceTree = SDKROOT; };
		3780E6922BC04EE7B6BB56A9 /* FBSDKShareKit.framework */ = {isa = PBXFileReference; explicitFileType = undefined; fileEncoding = 9; includeInIndex = 0; lastKnownFileType = wrapper.framework; name = FBSDKShareKit.framework; path = "vkirirom/Plugins/cordova-plugin-facebook4/FBSDKShareKit.framework"; sourceTree = "<group>"; };
		3873C83471CB456388F53E4C /* libGTM_UIFont+LineHeight.a */ = {isa = PBXFileReference; explicitFileType = undefined; fileEncoding = 9; includeInIndex = 0; lastKnownFileType = archive.ar; name = "libGTM_UIFont+LineHeight.a"; path = "vkirirom/Plugins/phonegap-plugin-push/GCM/Libraries/libGTM_UIFont+LineHeight.a"; sourceTree = "<group>"; };
		394C7BB562B0466D817B5508 /* libGGLCore.a */ = {isa = PBXFileReference; explicitFileType = undefined; fileEncoding = 9; includeInIndex = 0; lastKnownFileType = archive.ar; name = libGGLCore.a; path = "vkirirom/Plugins/phonegap-plugin-push/GCM/Libraries/libGGLCore.a"; sourceTree = "<group>"; };
		3A3B961BFEAB4CFE90E910D7 /* Sms.m */ = {isa = PBXFileReference; explicitFileType = undefined; fileEncoding = 4; includeInIndex = 0; lastKnownFileType = sourcecode.c.objc; name = Sms.m; path = "cordova-sms-plugin/Sms.m"; sourceTree = "<group>"; };
		3E38F1BFB39544F6AE42BE81 /* PushPlugin.m */ = {isa = PBXFileReference; explicitFileType = undefined; fileEncoding = 4; includeInIndex = 0; lastKnownFileType = sourcecode.c.objc; name = PushPlugin.m; path = "phonegap-plugin-push/PushPlugin.m"; sourceTree = "<group>"; };
		41444A84009646C18DF9D0B8 /* libGTM_NSStringHTML.a */ = {isa = PBXFileReference; explicitFileType = undefined; fileEncoding = 9; includeInIndex = 0; lastKnownFileType = archive.ar; name = libGTM_NSStringHTML.a; path = "vkirirom/Plugins/phonegap-plugin-push/GCM/Libraries/libGTM_NSStringHTML.a"; sourceTree = "<group>"; };
		49921018EB274150AD2D83D4 /* GGLInstanceIDConfig.h */ = {isa = PBXFileReference; explicitFileType = undefined; fileEncoding = 4; includeInIndex = 0; lastKnownFileType = sourcecode.c.h; name = GGLInstanceIDConfig.h; path = "phonegap-plugin-push/GCM/Headers/GGLInstanceIDConfig.h"; sourceTree = "<group>"; };
		4AF371FB68C143BF918B4BE1 /* GGLErrorCode.h */ = {isa = PBXFileReference; explicitFileType = undefined; fileEncoding = 4; includeInIndex = 0; lastKnownFileType = sourcecode.c.h; name = GGLErrorCode.h; path = "phonegap-plugin-push/GCM/Headers/GGLErrorCode.h"; sourceTree = "<group>"; };
		52EC9D286D3F445BBDEDEC49 /* libGTM_NSDictionary+URLArguments.a */ = {isa = PBXFileReference; explicitFileType = undefined; fileEncoding = 9; includeInIndex = 0; lastKnownFileType = archive.ar; name = "libGTM_NSDictionary+URLArguments.a"; path = "vkirirom/Plugins/phonegap-plugin-push/GCM/Libraries/libGTM_NSDictionary+URLArguments.a"; sourceTree = "<group>"; };
		570F7AE30B2D4031BD9EDFA4 /* GCMPubSub.h */ = {isa = PBXFileReference; explicitFileType = undefined; fileEncoding = 4; includeInIndex = 0; lastKnownFileType = sourcecode.c.h; name = GCMPubSub.h; path = "phonegap-plugin-push/GCM/Headers/GCMPubSub.h"; sourceTree = "<group>"; };
		597988F079864F27B4E475FB /* CDVDevice.h */ = {isa = PBXFileReference; explicitFileType = undefined; fileEncoding = 4; includeInIndex = 0; lastKnownFileType = sourcecode.c.h; name = CDVDevice.h; path = "cordova-plugin-device/CDVDevice.h"; sourceTree = "<group>"; };
		5BC2F694E00B4A87A0A489EB /* libGcmLib.a */ = {isa = PBXFileReference; explicitFileType = undefined; fileEncoding = 9; includeInIndex = 0; lastKnownFileType = archive.ar; name = libGcmLib.a; path = "vkirirom/Plugins/phonegap-plugin-push/GCM/Libraries/libGcmLib.a"; sourceTree = "<group>"; };
		62943F41ECCF46C59ED2CC42 /* sqlite3.h */ = {isa = PBXFileReference; explicitFileType = undefined; fileEncoding = 4; includeInIndex = 0; lastKnownFileType = sourcecode.c.h; name = sqlite3.h; path = "cordova-sqlite-storage/sqlite3.h"; sourceTree = "<group>"; };
		6366050C832B4842BB9334BF /* libGTMSessionFetcher_core.a */ = {isa = PBXFileReference; explicitFileType = undefined; fileEncoding = 9; includeInIndex = 0; lastKnownFileType = archive.ar; name = libGTMSessionFetcher_core.a; path = "vkirirom/Plugins/phonegap-plugin-push/GCM/Libraries/libGTMSessionFetcher_core.a"; sourceTree = "<group>"; };
		66B0FA9C4BCE4E1388A76E53 /* PushPlugin.h */ = {isa = PBXFileReference; explicitFileType = undefined; fileEncoding = 4; includeInIndex = 0; lastKnownFileType = sourcecode.c.h; name = PushPlugin.h; path = "phonegap-plugin-push/PushPlugin.h"; sourceTree = "<group>"; };
		707DB5B4E4F5403C8461B0B5 /* IonicKeyboard.m */ = {isa = PBXFileReference; explicitFileType = undefined; fileEncoding = 4; includeInIndex = 0; lastKnownFileType = sourcecode.c.objc; name = IonicKeyboard.m; path = "ionic-plugin-keyboard/IonicKeyboard.m"; sourceTree = "<group>"; };
		74F34A604A0D40A9A43C484B /* FBSDKLoginKit.framework */ = {isa = PBXFileReference; explicitFileType = undefined; fileEncoding = 9; includeInIndex = 0; lastKnownFileType = wrapper.framework; name = FBSDKLoginKit.framework; path = "vkirirom/Plugins/cordova-plugin-facebook4/FBSDKLoginKit.framework"; sourceTree = "<group>"; };
		76FAF32FE4D8437D878FD335 /* QuartzCore.framework */ = {isa = PBXFileReference; explicitFileType = undefined; fileEncoding = 9; includeInIndex = 0; lastKnownFileType = wrapper.framework; name = QuartzCore.framework; path = System/Library/Frameworks/QuartzCore.framework; sourceTree = SDKROOT; };
		7BB0E6C0A4684EF1828B33DA /* libGTM_iPhone.a */ = {isa = PBXFileReference; explicitFileType = undefined; fileEncoding = 9; includeInIndex = 0; lastKnownFileType = archive.ar; name = libGTM_iPhone.a; path = "vkirirom/Plugins/phonegap-plugin-push/GCM/Libraries/libGTM_iPhone.a"; sourceTree = "<group>"; };
		7C2E9AEDE37D4506B5D45989 /* libGGLCloudMessaging.a */ = {isa = PBXFileReference; explicitFileType = undefined; fileEncoding = 9; includeInIndex = 0; lastKnownFileType = archive.ar; name = libGGLCloudMessaging.a; path = "vkirirom/Plugins/phonegap-plugin-push/GCM/Libraries/libGGLCloudMessaging.a"; sourceTree = "<group>"; };
		828E1AB0FEAC48C89FAC7ED0 /* libGTM_DebugUtils.a */ = {isa = PBXFileReference; explicitFileType = undefined; fileEncoding = 9; includeInIndex = 0; lastKnownFileType = archive.ar; name = libGTM_DebugUtils.a; path = "vkirirom/Plugins/phonegap-plugin-push/GCM/Libraries/libGTM_DebugUtils.a"; sourceTree = "<group>"; };
		87513EB7053C499A9335CBC9 /* GoogleCloudMessaging.h */ = {isa = PBXFileReference; explicitFileType = undefined; fileEncoding = 4; includeInIndex = 0; lastKnownFileType = sourcecode.c.h; name = GoogleCloudMessaging.h; path = "phonegap-plugin-push/GCM/Headers/GoogleCloudMessaging.h"; sourceTree = "<group>"; };
		880E6DC29C284B0B87BCF976 /* SQLitePlugin.h */ = {isa = PBXFileReference; explicitFileType = undefined; fileEncoding = 4; includeInIndex = 0; lastKnownFileType = sourcecode.c.h; name = SQLitePlugin.h; path = "cordova-sqlite-storage/SQLitePlugin.h"; sourceTree = "<group>"; };
		8BEB2245D35C47AAB2F13E35 /* CDVStatusBar.m */ = {isa = PBXFileReference; explicitFileType = undefined; fileEncoding = 4; includeInIndex = 0; lastKnownFileType = sourcecode.c.objc; name = CDVStatusBar.m; path = "cordova-plugin-statusbar/CDVStatusBar.m"; sourceTree = "<group>"; };
		8D1107310486CEB800E47090 /* vkirirom-Info.plist */ = {isa = PBXFileReference; fileEncoding = 4; lastKnownFileType = text.plist.xml; name = "vkirirom-Info.plist"; path = "vkirirom/vkirirom-Info.plist"; plistStructureDefinitionIdentifier = "com.apple.xcode.plist.structure-definition.iphone.info-plist"; sourceTree = SOURCE_ROOT; };
		8D54190936FB4BFD81BF5D44 /* Toast+UIView.m */ = {isa = PBXFileReference; explicitFileType = undefined; fileEncoding = 4; includeInIndex = 0; lastKnownFileType = sourcecode.c.objc; name = "Toast+UIView.m"; path = "cordova-plugin-x-toast/Toast+UIView.m"; sourceTree = "<group>"; };
		8DDB14A1F1064057815BD3AC /* libGTM_AddressBook.a */ = {isa = PBXFileReference; explicitFileType = undefined; fileEncoding = 9; includeInIndex = 0; lastKnownFileType = archive.ar; name = libGTM_AddressBook.a; path = "vkirirom/Plugins/phonegap-plugin-push/GCM/Libraries/libGTM_AddressBook.a"; sourceTree = "<group>"; };
		8E3461CBC6314F15AB0F3340 /* libz.tbd */ = {isa = PBXFileReference; explicitFileType = undefined; fileEncoding = 9; includeInIndex = 0; lastKnownFileType = "sourcecode.text-based-dylib-definition"; name = libz.tbd; path = usr/lib/libz.tbd; sourceTree = SDKROOT; };
		8EEBB93B1E264897BE703FC9 /* CDVStatusBar.h */ = {isa = PBXFileReference; explicitFileType = undefined; fileEncoding = 4; includeInIndex = 0; lastKnownFileType = sourcecode.c.h; name = CDVStatusBar.h; path = "cordova-plugin-statusbar/CDVStatusBar.h"; sourceTree = "<group>"; };
		8EFA8B4B31B544598B9DDDA1 /* SQLitePlugin.m */ = {isa = PBXFileReference; explicitFileType = undefined; fileEncoding = 4; includeInIndex = 0; lastKnownFileType = sourcecode.c.objc; name = SQLitePlugin.m; path = "cordova-sqlite-storage/SQLitePlugin.m"; sourceTree = "<group>"; };
		90F674D20A2144199C2A3409 /* CDVViewController+SplashScreen.m */ = {isa = PBXFileReference; explicitFileType = undefined; fileEncoding = 4; includeInIndex = 0; lastKnownFileType = sourcecode.c.objc; name = "CDVViewController+SplashScreen.m"; path = "cordova-plugin-splashscreen/CDVViewController+SplashScreen.m"; sourceTree = "<group>"; };
		91A55FB522144128B6FA8F7A /* Bolts.framework */ = {isa = PBXFileReference; explicitFileType = undefined; fileEncoding = 9; includeInIndex = 0; lastKnownFileType = wrapper.framework; name = Bolts.framework; path = "vkirirom/Plugins/cordova-plugin-facebook4/Bolts.framework"; sourceTree = "<group>"; };
		A1D850D96B6643A383C7236D /* GCMConfig.h */ = {isa = PBXFileReference; explicitFileType = undefined; fileEncoding = 4; includeInIndex = 0; lastKnownFileType = sourcecode.c.h; name = GCMConfig.h; path = "phonegap-plugin-push/GCM/Headers/GCMConfig.h"; sourceTree = "<group>"; };
		A53C086819564622A97B9897 /* GGLContext.h */ = {isa = PBXFileReference; explicitFileType = undefined; fileEncoding = 4; includeInIndex = 0; lastKnownFileType = sourcecode.c.h; name = GGLContext.h; path = "phonegap-plugin-push/GCM/Headers/GGLContext.h"; sourceTree = "<group>"; };
		A5FC4D2AADE94119B285E0DC /* libGTMStackTrace.a */ = {isa = PBXFileReference; explicitFileType = undefined; fileEncoding = 9; includeInIndex = 0; lastKnownFileType = archive.ar; name = libGTMStackTrace.a; path = "vkirirom/Plugins/phonegap-plugin-push/GCM/Libraries/libGTMStackTrace.a"; sourceTree = "<group>"; };
		AAC62139A9294121A889F73D /* MessageUI.framework */ = {isa = PBXFileReference; explicitFileType = undefined; fileEncoding = 9; includeInIndex = 0; lastKnownFileType = wrapper.framework; name = MessageUI.framework; path = System/Library/Frameworks/MessageUI.framework; sourceTree = SDKROOT; };
		B157F36912964B849A653A70 /* CDVLogger.h */ = {isa = PBXFileReference; explicitFileType = undefined; fileEncoding = 4; includeInIndex = 0; lastKnownFileType = sourcecode.c.h; name = CDVLogger.h; path = "cordova-plugin-console/CDVLogger.h"; sourceTree = "<group>"; };
		B1A82A61DB244BFFB7ADA4F4 /* libGTM_NSStringXML.a */ = {isa = PBXFileReference; explicitFileType = undefined; fileEncoding = 9; includeInIndex = 0; lastKnownFileType = archive.ar; name = libGTM_NSStringXML.a; path = "vkirirom/Plugins/phonegap-plugin-push/GCM/Libraries/libGTM_NSStringXML.a"; sourceTree = "<group>"; };
		B26E618ED8534F7EB12A34CF /* Toast+UIView.h */ = {isa = PBXFileReference; explicitFileType = undefined; fileEncoding = 4; includeInIndex = 0; lastKnownFileType = sourcecode.c.h; name = "Toast+UIView.h"; path = "cordova-plugin-x-toast/Toast+UIView.h"; sourceTree = "<group>"; };
		B313AA6799944EC8A58F2DB9 /* libGTM_RoundedRectPath.a */ = {isa = PBXFileReference; explicitFileType = undefined; fileEncoding = 9; includeInIndex = 0; lastKnownFileType = archive.ar; name = libGTM_RoundedRectPath.a; path = "vkirirom/Plugins/phonegap-plugin-push/GCM/Libraries/libGTM_RoundedRectPath.a"; sourceTree = "<group>"; };
		B395637B25EB4EF2B4A0907C /* libGTM_NSData+zlib.a */ = {isa = PBXFileReference; explicitFileType = undefined; fileEncoding = 9; includeInIndex = 0; lastKnownFileType = archive.ar; name = "libGTM_NSData+zlib.a"; path = "vkirirom/Plugins/phonegap-plugin-push/GCM/Libraries/libGTM_NSData+zlib.a"; sourceTree = "<group>"; };
		B3D288B38CBD4A5C99A6B407 /* IonicKeyboard.h */ = {isa = PBXFileReference; explicitFileType = undefined; fileEncoding = 4; includeInIndex = 0; lastKnownFileType = sourcecode.c.h; name = IonicKeyboard.h; path = "ionic-plugin-keyboard/IonicKeyboard.h"; sourceTree = "<group>"; };
		B62EB76E1307407FBDD319AE /* FBSDKCoreKit.framework */ = {isa = PBXFileReference; explicitFileType = undefined; fileEncoding = 9; includeInIndex = 0; lastKnownFileType = wrapper.framework; name = FBSDKCoreKit.framework; path = "vkirirom/Plugins/cordova-plugin-facebook4/FBSDKCoreKit.framework"; sourceTree = "<group>"; };
		BA03BA95599144D58AFEAADC /* Toast.h */ = {isa = PBXFileReference; explicitFileType = undefined; fileEncoding = 4; includeInIndex = 0; lastKnownFileType = sourcecode.c.h; name = Toast.h; path = "cordova-plugin-x-toast/Toast.h"; sourceTree = "<group>"; };
		BBF41D4A68014D5981D707D5 /* GGLInstanceIDDelegate.h */ = {isa = PBXFileReference; explicitFileType = undefined; fileEncoding = 4; includeInIndex = 0; lastKnownFileType = sourcecode.c.h; name = GGLInstanceIDDelegate.h; path = "phonegap-plugin-push/GCM/Headers/GGLInstanceIDDelegate.h"; sourceTree = "<group>"; };
		BE05C9771C104A4CB29F3B98 /* Sms.h */ = {isa = PBXFileReference; explicitFileType = undefined; fileEncoding = 4; includeInIndex = 0; lastKnownFileType = sourcecode.c.h; name = Sms.h; path = "cordova-sms-plugin/Sms.h"; sourceTree = "<group>"; };
		C64BE0D8F7CE4CC789070081 /* AppDelegate+notification.h */ = {isa = PBXFileReference; explicitFileType = undefined; fileEncoding = 4; includeInIndex = 0; lastKnownFileType = sourcecode.c.h; name = "AppDelegate+notification.h"; path = "phonegap-plugin-push/AppDelegate+notification.h"; sourceTree = "<group>"; };
		C83E526D480741CAB4DCA999 /* sqlite3.c */ = {isa = PBXFileReference; explicitFileType = undefined; fileEncoding = 9; includeInIndex = 0; lastKnownFileType = unknown; name = sqlite3.c; path = "cordova-sqlite-storage/sqlite3.c"; sourceTree = "<group>"; };
		C87FDD051DC9C70B003BF156 /* vkirirom.entitlements */ = {isa = PBXFileReference; lastKnownFileType = text.plist.entitlements; name = vkirirom.entitlements; path = vkirirom/vkirirom.entitlements; sourceTree = "<group>"; };
		CB7845BD27B146FCADF7DA24 /* libGTM_KVO.a */ = {isa = PBXFileReference; explicitFileType = undefined; fileEncoding = 9; includeInIndex = 0; lastKnownFileType = archive.ar; name = libGTM_KVO.a; path = "vkirirom/Plugins/phonegap-plugin-push/GCM/Libraries/libGTM_KVO.a"; sourceTree = "<group>"; };
		CC09FA7DC61B4F3D9FCE6576 /* FacebookConnectPlugin.h */ = {isa = PBXFileReference; explicitFileType = undefined; fileEncoding = 4; includeInIndex = 0; lastKnownFileType = sourcecode.c.h; name = FacebookConnectPlugin.h; path = "cordova-plugin-facebook4/FacebookConnectPlugin.h"; sourceTree = "<group>"; };
		CF11DDC8BC1D4D5A8BD218DF /* libGTM_GTMURLBuilder.a */ = {isa = PBXFileReference; explicitFileType = undefined; fileEncoding = 9; includeInIndex = 0; lastKnownFileType = archive.ar; name = libGTM_GTMURLBuilder.a; path = "vkirirom/Plugins/phonegap-plugin-push/GCM/Libraries/libGTM_GTMURLBuilder.a"; sourceTree = "<group>"; };
		CFDC1B296BF34943BE4BE258 /* GGLConfiguration.h */ = {isa = PBXFileReference; explicitFileType = undefined; fileEncoding = 4; includeInIndex = 0; lastKnownFileType = sourcecode.c.h; name = GGLConfiguration.h; path = "phonegap-plugin-push/GCM/Headers/GGLConfiguration.h"; sourceTree = "<group>"; };
		D2E34AF9532F4AB086CD20CE /* CDVDevice.m */ = {isa = PBXFileReference; explicitFileType = undefined; fileEncoding = 4; includeInIndex = 0; lastKnownFileType = sourcecode.c.objc; name = CDVDevice.m; path = "cordova-plugin-device/CDVDevice.m"; sourceTree = "<group>"; };
		D3AA80BE3AC24B0FBEEE75C1 /* CDVLocation.h */ = {isa = PBXFileReference; explicitFileType = undefined; fileEncoding = 4; includeInIndex = 0; lastKnownFileType = sourcecode.c.h; name = CDVLocation.h; path = "cordova-plugin-geolocation/CDVLocation.h"; sourceTree = "<group>"; };
		D6D554BE36F044289BED88CB /* libGSDK_Overload.a */ = {isa = PBXFileReference; explicitFileType = undefined; fileEncoding = 9; includeInIndex = 0; lastKnownFileType = archive.ar; name = libGSDK_Overload.a; path = "vkirirom/Plugins/phonegap-plugin-push/GCM/Libraries/libGSDK_Overload.a"; sourceTree = "<group>"; };
		D9847A5E378443BE826BCD26 /* CDVLocation.m */ = {isa = PBXFileReference; explicitFileType = undefined; fileEncoding = 4; includeInIndex = 0; lastKnownFileType = sourcecode.c.objc; name = CDVLocation.m; path = "cordova-plugin-geolocation/CDVLocation.m"; sourceTree = "<group>"; };
		DCF79F1C8E3947D8B86ACA9B /* CDVSplashScreen.h */ = {isa = PBXFileReference; explicitFileType = undefined; fileEncoding = 4; includeInIndex = 0; lastKnownFileType = sourcecode.c.h; name = CDVSplashScreen.h; path = "cordova-plugin-splashscreen/CDVSplashScreen.h"; sourceTree = "<group>"; };
		DD8F7BA0FE07424FB1253FB0 /* Core.h */ = {isa = PBXFileReference; explicitFileType = undefined; fileEncoding = 4; includeInIndex = 0; lastKnownFileType = sourcecode.c.h; name = Core.h; path = "phonegap-plugin-push/GCM/Headers/Core.h"; sourceTree = "<group>"; };
		E33EC5A3974341F7A51643CC /* libGTM_Regex.a */ = {isa = PBXFileReference; explicitFileType = undefined; fileEncoding = 9; includeInIndex = 0; lastKnownFileType = archive.ar; name = libGTM_Regex.a; path = "vkirirom/Plugins/phonegap-plugin-push/GCM/Libraries/libGTM_Regex.a"; sourceTree = "<group>"; };
		E6995ADCBED54A1F90639A2E /* libGIP_Reachability.a */ = {isa = PBXFileReference; explicitFileType = undefined; fileEncoding = 9; includeInIndex = 0; lastKnownFileType = archive.ar; name = libGIP_Reachability.a; path = "vkirirom/Plugins/phonegap-plugin-push/GCM/Libraries/libGIP_Reachability.a"; sourceTree = "<group>"; };
		EA1C0B3C68314B70B51AFF90 /* CDVViewController+SplashScreen.h */ = {isa = PBXFileReference; explicitFileType = undefined; fileEncoding = 4; includeInIndex = 0; lastKnownFileType = sourcecode.c.h; name = "CDVViewController+SplashScreen.h"; path = "cordova-plugin-splashscreen/CDVViewController+SplashScreen.h"; sourceTree = "<group>"; };
		EA76B5AFE24C4AE59F8F4A89 /* libGTM_SystemVersion.a */ = {isa = PBXFileReference; explicitFileType = undefined; fileEncoding = 9; includeInIndex = 0; lastKnownFileType = archive.ar; name = libGTM_SystemVersion.a; path = "vkirirom/Plugins/phonegap-plugin-push/GCM/Libraries/libGTM_SystemVersion.a"; sourceTree = "<group>"; };
		EB87FDF31871DA8E0020F90C /* www */ = {isa = PBXFileReference; lastKnownFileType = folder; name = www; path = ../../www; sourceTree = "<group>"; };
		EB87FDF41871DAF40020F90C /* config.xml */ = {isa = PBXFileReference; lastKnownFileType = text.xml; name = config.xml; path = ../../config.xml; sourceTree = "<group>"; };
		ED33DF2A687741AEAF9F8254 /* Bridging-Header.h */ = {isa = PBXFileReference; fileEncoding = 4; lastKnownFileType = sourcecode.c.h; path = "Bridging-Header.h"; sourceTree = "<group>"; };
		F2255B7A54BC4C40A2C6BF57 /* GGLInstanceIDHeaders.h */ = {isa = PBXFileReference; explicitFileType = undefined; fileEncoding = 4; includeInIndex = 0; lastKnownFileType = sourcecode.c.h; name = GGLInstanceIDHeaders.h; path = "phonegap-plugin-push/GCM/Headers/GGLInstanceIDHeaders.h"; sourceTree = "<group>"; };
		F840E1F0165FE0F500CFE078 /* config.xml */ = {isa = PBXFileReference; lastKnownFileType = text.xml; name = config.xml; path = vkirirom/config.xml; sourceTree = "<group>"; };
		F931CA9A1FC742CFBECBAFF3 /* FacebookConnectPlugin.m */ = {isa = PBXFileReference; explicitFileType = undefined; fileEncoding = 4; includeInIndex = 0; lastKnownFileType = sourcecode.c.objc; name = FacebookConnectPlugin.m; path = "cordova-plugin-facebook4/FacebookConnectPlugin.m"; sourceTree = "<group>"; };
		F9F09F9AE5F642A8BA47FD36 /* libGGLInstanceIDLib.a */ = {isa = PBXFileReference; explicitFileType = undefined; fileEncoding = 9; includeInIndex = 0; lastKnownFileType = archive.ar; name = libGGLInstanceIDLib.a; path = "vkirirom/Plugins/phonegap-plugin-push/GCM/Libraries/libGGLInstanceIDLib.a"; sourceTree = "<group>"; };
		FE42302C96254C8AA7387840 /* AppDelegate+notification.m */ = {isa = PBXFileReference; explicitFileType = undefined; fileEncoding = 4; includeInIndex = 0; lastKnownFileType = sourcecode.c.objc; name = "AppDelegate+notification.m"; path = "phonegap-plugin-push/AppDelegate+notification.m"; sourceTree = "<group>"; };
		FE9ECAB2ADAE43569D280419 /* libGTM_NSScannerJSON.a */ = {isa = PBXFileReference; explicitFileType = undefined; fileEncoding = 9; includeInIndex = 0; lastKnownFileType = archive.ar; name = libGTM_NSScannerJSON.a; path = "vkirirom/Plugins/phonegap-plugin-push/GCM/Libraries/libGTM_NSScannerJSON.a"; sourceTree = "<group>"; };
/* End PBXFileReference section */

/* Begin PBXFrameworksBuildPhase section */
		1D60588F0D05DD3D006BFB54 /* Frameworks */ = {
			isa = PBXFrameworksBuildPhase;
			buildActionMask = 2147483647;
			files = (
				301BF552109A68D80062928A /* libCordova.a in Frameworks */,
				15E5707BA7BC4D23B83A2363 /* QuartzCore.framework in Frameworks */,
				2354219983B14F539A8EEE20 /* MessageUI.framework in Frameworks */,
				7B418817AD41414191A6544C /* Bolts.framework in Frameworks */,
				4A0135FDC5D54D2CB19972CB /* FBSDKCoreKit.framework in Frameworks */,
				6F1FE30A551646E0AB787D21 /* FBSDKLoginKit.framework in Frameworks */,
				21EC9FC1561C4869921F8D1C /* FBSDKShareKit.framework in Frameworks */,
				E9821347CCE24799966E3C89 /* libGGLCloudMessaging.a in Frameworks */,
				09F1BAA5067141048E783470 /* libGGLCore.a in Frameworks */,
				3266F22475304ACB9BC2AB8D /* libGGLInstanceIDLib.a in Frameworks */,
				D64D29B751AC4756BCADCA74 /* libGIP_Reachability.a in Frameworks */,
				DACACD4FB4334414B3528546 /* libGSDK_Overload.a in Frameworks */,
				481C2FCC0E4748B7BD093111 /* libGTMSessionFetcher_core.a in Frameworks */,
				2B25010AD7B74ECB98D8510C /* libGTMSessionFetcher_full.a in Frameworks */,
				3EAFDAD9FBD5481AAB512F9A /* libGTMStackTrace.a in Frameworks */,
				3EF6E9FD0A8A4FB89DD8234B /* libGTM_AddressBook.a in Frameworks */,
				B15A8EB8F9A34F64B9440E8D /* libGTM_DebugUtils.a in Frameworks */,
				6EC48BFB61A14DC6848B83C4 /* libGTM_GTMURLBuilder.a in Frameworks */,
				C2962C452F9C47DE973E293E /* libGTM_KVO.a in Frameworks */,
				A81E23D955E64DE4BBD11B40 /* libGTM_NSData+zlib.a in Frameworks */,
				279714D546344F89940E0E50 /* libGTM_NSDictionary+URLArguments.a in Frameworks */,
				B113FFA75A6349DB89B16729 /* libGTM_NSScannerJSON.a in Frameworks */,
				E15EF214794842BF9BDC135B /* libGTM_NSStringHTML.a in Frameworks */,
				3F6E2DD6EBA34F9591BCF09E /* libGTM_NSStringXML.a in Frameworks */,
				F351343D42C74A97BB2810F1 /* libGTM_Regex.a in Frameworks */,
				3135DE30E0E9495CBF371672 /* libGTM_RoundedRectPath.a in Frameworks */,
				EBB31B99CEB144F59CE78193 /* libGTM_StringEncoding.a in Frameworks */,
				75C0094C8B644BAFB65E453C /* libGTM_SystemVersion.a in Frameworks */,
				2AFFDCFA2FD54E1E9783BDAA /* libGTM_UIFont+LineHeight.a in Frameworks */,
				8DE7136BC01448449AA37D8D /* libGTM_core.a in Frameworks */,
				B6D8D3A4B5D44390A13BF952 /* libGTM_iPhone.a in Frameworks */,
				37FFD644547D4DCEB31A9785 /* libGcmLib.a in Frameworks */,
				146CA72EBD1B4BB2A13359FF /* libProtocolBuffers.a in Frameworks */,
				B717D886079F4751ABAE5601 /* AddressBook.framework in Frameworks */,
				A8C5C8C7D818407190A9F37A /* libsqlite3.tbd in Frameworks */,
				2C0AD49B19E84A4D9FC29AE2 /* libz.tbd in Frameworks */,
				C037F48606964089A939394F /* CoreLocation.framework in Frameworks */,
			);
			runOnlyForDeploymentPostprocessing = 0;
		};
/* End PBXFrameworksBuildPhase section */

/* Begin PBXGroup section */
		080E96DDFE201D6D7F000001 /* Classes */ = {
			isa = PBXGroup;
			children = (
				302D95EE14D2391D003F00A1 /* MainViewController.h */,
				302D95EF14D2391D003F00A1 /* MainViewController.m */,
				302D95F014D2391D003F00A1 /* MainViewController.xib */,
				1D3623240D0F684500981E51 /* AppDelegate.h */,
				1D3623250D0F684500981E51 /* AppDelegate.m */,
			);
			name = Classes;
			path = vkirirom/Classes;
			sourceTree = SOURCE_ROOT;
		};
		19C28FACFE9D520D11CA2CBB /* Products */ = {
			isa = PBXGroup;
			children = (
				1D6058910D05DD3D006BFB54 /* vkirirom.app */,
			);
			name = Products;
			sourceTree = "<group>";
		};
		29B97314FDCFA39411CA2CEA /* CustomTemplate */ = {
			isa = PBXGroup;
			children = (
				C87FDD051DC9C70B003BF156 /* vkirirom.entitlements */,
				EB87FDF41871DAF40020F90C /* config.xml */,
				EB87FDF31871DA8E0020F90C /* www */,
				EB87FDF11871DA420020F90C /* Staging */,
				301BF52D109A57CC0062928A /* CordovaLib.xcodeproj */,
				080E96DDFE201D6D7F000001 /* Classes */,
				307C750510C5A3420062BCA9 /* Plugins */,
				29B97315FDCFA39411CA2CEA /* Other Sources */,
				29B97317FDCFA39411CA2CEA /* Resources */,
				29B97323FDCFA39411CA2CEA /* Frameworks */,
				19C28FACFE9D520D11CA2CBB /* Products */,
			);
			name = CustomTemplate;
			sourceTree = "<group>";
		};
		29B97315FDCFA39411CA2CEA /* Other Sources */ = {
			isa = PBXGroup;
			children = (
				32CA4F630368D1EE00C91783 /* vkirirom-Prefix.pch */,
				29B97316FDCFA39411CA2CEA /* main.m */,
				ED33DF2A687741AEAF9F8254 /* Bridging-Header.h */,
			);
			name = "Other Sources";
			path = vkirirom;
			sourceTree = "<group>";
		};
		29B97317FDCFA39411CA2CEA /* Resources */ = {
			isa = PBXGroup;
			children = (
				0207DA571B56EA530066E2B4 /* Images.xcassets */,
				3047A50E1AB8057F00498E2A /* config */,
				8D1107310486CEB800E47090 /* vkirirom-Info.plist */,
			);
			name = Resources;
			path = vkirirom/Resources;
			sourceTree = "<group>";
		};
		29B97323FDCFA39411CA2CEA /* Frameworks */ = {
			isa = PBXGroup;
			children = (
				76FAF32FE4D8437D878FD335 /* QuartzCore.framework */,
				AAC62139A9294121A889F73D /* MessageUI.framework */,
				91A55FB522144128B6FA8F7A /* Bolts.framework */,
				B62EB76E1307407FBDD319AE /* FBSDKCoreKit.framework */,
				74F34A604A0D40A9A43C484B /* FBSDKLoginKit.framework */,
				3780E6922BC04EE7B6BB56A9 /* FBSDKShareKit.framework */,
				7C2E9AEDE37D4506B5D45989 /* libGGLCloudMessaging.a */,
				394C7BB562B0466D817B5508 /* libGGLCore.a */,
				F9F09F9AE5F642A8BA47FD36 /* libGGLInstanceIDLib.a */,
				E6995ADCBED54A1F90639A2E /* libGIP_Reachability.a */,
				D6D554BE36F044289BED88CB /* libGSDK_Overload.a */,
				6366050C832B4842BB9334BF /* libGTMSessionFetcher_core.a */,
				1A054B15785F430997731C4C /* libGTMSessionFetcher_full.a */,
				A5FC4D2AADE94119B285E0DC /* libGTMStackTrace.a */,
				8DDB14A1F1064057815BD3AC /* libGTM_AddressBook.a */,
				828E1AB0FEAC48C89FAC7ED0 /* libGTM_DebugUtils.a */,
				CF11DDC8BC1D4D5A8BD218DF /* libGTM_GTMURLBuilder.a */,
				CB7845BD27B146FCADF7DA24 /* libGTM_KVO.a */,
				B395637B25EB4EF2B4A0907C /* libGTM_NSData+zlib.a */,
				52EC9D286D3F445BBDEDEC49 /* libGTM_NSDictionary+URLArguments.a */,
				FE9ECAB2ADAE43569D280419 /* libGTM_NSScannerJSON.a */,
				41444A84009646C18DF9D0B8 /* libGTM_NSStringHTML.a */,
				B1A82A61DB244BFFB7ADA4F4 /* libGTM_NSStringXML.a */,
				E33EC5A3974341F7A51643CC /* libGTM_Regex.a */,
				B313AA6799944EC8A58F2DB9 /* libGTM_RoundedRectPath.a */,
				2CE2E14BDB1A4F2EB29B97AD /* libGTM_StringEncoding.a */,
				EA76B5AFE24C4AE59F8F4A89 /* libGTM_SystemVersion.a */,
				3873C83471CB456388F53E4C /* libGTM_UIFont+LineHeight.a */,
				2759F74F92E842788DC4988F /* libGTM_core.a */,
				7BB0E6C0A4684EF1828B33DA /* libGTM_iPhone.a */,
				5BC2F694E00B4A87A0A489EB /* libGcmLib.a */,
				289219C1A2294908A0E97933 /* libProtocolBuffers.a */,
				0BCF0036113D43E3B61E4DEE /* AddressBook.framework */,
				141130E7810442BCA0AE3227 /* libsqlite3.tbd */,
				8E3461CBC6314F15AB0F3340 /* libz.tbd */,
				36BF99392EC842FEB7966AF4 /* CoreLocation.framework */,
			);
			name = Frameworks;
			sourceTree = "<group>";
		};
		301BF52E109A57CC0062928A /* Products */ = {
			isa = PBXGroup;
			children = (
				301BF535109A57CC0062928A /* libCordova.a */,
			);
			name = Products;
			sourceTree = "<group>";
		};
		3047A50E1AB8057F00498E2A /* config */ = {
			isa = PBXGroup;
			children = (
				3047A50F1AB8059700498E2A /* build-debug.xcconfig */,
				3047A5101AB8059700498E2A /* build-release.xcconfig */,
				3047A5111AB8059700498E2A /* build.xcconfig */,
			);
			name = config;
			sourceTree = "<group>";
		};
		307C750510C5A3420062BCA9 /* Plugins */ = {
			isa = PBXGroup;
			children = (
				3180D96BFC48414884AE9807 /* CDVLogger.m */,
				B157F36912964B849A653A70 /* CDVLogger.h */,
				D2E34AF9532F4AB086CD20CE /* CDVDevice.m */,
				597988F079864F27B4E475FB /* CDVDevice.h */,
				F931CA9A1FC742CFBECBAFF3 /* FacebookConnectPlugin.m */,
				CC09FA7DC61B4F3D9FCE6576 /* FacebookConnectPlugin.h */,
				03258482B89B4E8AA0729AEC /* CDVSplashScreen.m */,
				90F674D20A2144199C2A3409 /* CDVViewController+SplashScreen.m */,
				DCF79F1C8E3947D8B86ACA9B /* CDVSplashScreen.h */,
				EA1C0B3C68314B70B51AFF90 /* CDVViewController+SplashScreen.h */,
				8BEB2245D35C47AAB2F13E35 /* CDVStatusBar.m */,
				8EEBB93B1E264897BE703FC9 /* CDVStatusBar.h */,
				8D54190936FB4BFD81BF5D44 /* Toast+UIView.m */,
				2B80AE15285B4744BC180CB6 /* Toast.m */,
				B26E618ED8534F7EB12A34CF /* Toast+UIView.h */,
				BA03BA95599144D58AFEAADC /* Toast.h */,
				3A3B961BFEAB4CFE90E910D7 /* Sms.m */,
				BE05C9771C104A4CB29F3B98 /* Sms.h */,
				707DB5B4E4F5403C8461B0B5 /* IonicKeyboard.m */,
				B3D288B38CBD4A5C99A6B407 /* IonicKeyboard.h */,
				8EFA8B4B31B544598B9DDDA1 /* SQLitePlugin.m */,
				C83E526D480741CAB4DCA999 /* sqlite3.c */,
				880E6DC29C284B0B87BCF976 /* SQLitePlugin.h */,
				62943F41ECCF46C59ED2CC42 /* sqlite3.h */,
				FE42302C96254C8AA7387840 /* AppDelegate+notification.m */,
				3E38F1BFB39544F6AE42BE81 /* PushPlugin.m */,
				C64BE0D8F7CE4CC789070081 /* AppDelegate+notification.h */,
				66B0FA9C4BCE4E1388A76E53 /* PushPlugin.h */,
				046CCA9166C34694B05851CB /* GGLInstanceID.h */,
				49921018EB274150AD2D83D4 /* GGLInstanceIDConfig.h */,
				BBF41D4A68014D5981D707D5 /* GGLInstanceIDDelegate.h */,
				F2255B7A54BC4C40A2C6BF57 /* GGLInstanceIDHeaders.h */,
				2D018092BBF84668BC65B5DD /* CloudMessaging.h */,
				2022BD302115466B9F0DACCB /* GGLContext+CloudMessaging.h */,
				DD8F7BA0FE07424FB1253FB0 /* Core.h */,
				CFDC1B296BF34943BE4BE258 /* GGLConfiguration.h */,
				A53C086819564622A97B9897 /* GGLContext.h */,
				4AF371FB68C143BF918B4BE1 /* GGLErrorCode.h */,
				A1D850D96B6643A383C7236D /* GCMConfig.h */,
				570F7AE30B2D4031BD9EDFA4 /* GCMPubSub.h */,
				357F4B5E26564D10B48FC900 /* GCMReceiverDelegate.h */,
				2F8E2461E45341DB8C641BE0 /* GCMService.h */,
				87513EB7053C499A9335CBC9 /* GoogleCloudMessaging.h */,
				D9847A5E378443BE826BCD26 /* CDVLocation.m */,
				D3AA80BE3AC24B0FBEEE75C1 /* CDVLocation.h */,
			);
			name = Plugins;
			path = vkirirom/Plugins;
			sourceTree = SOURCE_ROOT;
		};
		EB87FDF11871DA420020F90C /* Staging */ = {
			isa = PBXGroup;
			children = (
				F840E1F0165FE0F500CFE078 /* config.xml */,
				301BF56E109A69640062928A /* www */,
			);
			name = Staging;
			sourceTree = "<group>";
		};
/* End PBXGroup section */

/* Begin PBXNativeTarget section */
		1D6058900D05DD3D006BFB54 /* vkirirom */ = {
			isa = PBXNativeTarget;
			buildConfigurationList = 1D6058960D05DD3E006BFB54 /* Build configuration list for PBXNativeTarget "vkirirom" */;
			buildPhases = (
				304B58A110DAC018002A0835 /* Copy www directory */,
				1D60588D0D05DD3D006BFB54 /* Resources */,
				1D60588E0D05DD3D006BFB54 /* Sources */,
				1D60588F0D05DD3D006BFB54 /* Frameworks */,
			);
			buildRules = (
			);
			dependencies = (
				301BF551109A68C00062928A /* PBXTargetDependency */,
			);
			name = vkirirom;
			productName = vkirirom;
			productReference = 1D6058910D05DD3D006BFB54 /* vkirirom.app */;
			productType = "com.apple.product-type.application";
		};
/* End PBXNativeTarget section */

/* Begin PBXProject section */
		29B97313FDCFA39411CA2CEA /* Project object */ = {
			isa = PBXProject;
			attributes = {
				LastUpgradeCheck = 510;
				TargetAttributes = {
					1D6058900D05DD3D006BFB54 = {
						DevelopmentTeam = C8N2G545DX;
						SystemCapabilities = {
							com.apple.BackgroundModes = {
								enabled = 1;
							};
							com.apple.DataProtection = {
								enabled = 0;
							};
							com.apple.Keychain = {
								enabled = 1;
							};
							com.apple.Push = {
								enabled = 0;
							};
						};
					};
				};
			};
			buildConfigurationList = C01FCF4E08A954540054247B /* Build configuration list for PBXProject "vkirirom" */;
			compatibilityVersion = "Xcode 3.2";
			developmentRegion = English;
			hasScannedForEncodings = 1;
			knownRegions = (
				en,
			);
			mainGroup = 29B97314FDCFA39411CA2CEA /* CustomTemplate */;
			projectDirPath = "";
			projectReferences = (
				{
					ProductGroup = 301BF52E109A57CC0062928A /* Products */;
					ProjectRef = 301BF52D109A57CC0062928A /* CordovaLib.xcodeproj */;
				},
			);
			projectRoot = "";
			targets = (
				1D6058900D05DD3D006BFB54 /* vkirirom */,
			);
		};
/* End PBXProject section */

/* Begin PBXReferenceProxy section */
		301BF535109A57CC0062928A /* libCordova.a */ = {
			isa = PBXReferenceProxy;
			fileType = archive.ar;
			path = libCordova.a;
			remoteRef = 301BF534109A57CC0062928A /* PBXContainerItemProxy */;
			sourceTree = BUILT_PRODUCTS_DIR;
		};
/* End PBXReferenceProxy section */

/* Begin PBXResourcesBuildPhase section */
		1D60588D0D05DD3D006BFB54 /* Resources */ = {
			isa = PBXResourcesBuildPhase;
			buildActionMask = 2147483647;
			files = (
				302D95F214D2391D003F00A1 /* MainViewController.xib in Resources */,
				0207DA581B56EA530066E2B4 /* Images.xcassets in Resources */,
			);
			runOnlyForDeploymentPostprocessing = 0;
		};
/* End PBXResourcesBuildPhase section */

/* Begin PBXShellScriptBuildPhase section */
		304B58A110DAC018002A0835 /* Copy www directory */ = {
			isa = PBXShellScriptBuildPhase;
			buildActionMask = 2147483647;
			files = (
			);
			inputPaths = (
			);
			name = "Copy www directory";
			outputPaths = (
			);
			runOnlyForDeploymentPostprocessing = 0;
			shellPath = /bin/sh;
			shellScript = "NODEJS_PATH=/usr/local/bin; NVM_NODE_PATH=~/.nvm/versions/node/`nvm version 2>/dev/null`/bin; N_NODE_PATH=`find /usr/local/n/versions/node/* -maxdepth 0 -type d 2>/dev/null | tail -1`/bin; XCODE_NODE_PATH=`xcode-select --print-path`/usr/share/xcs/Node/bin; PATH=$NODEJS_PATH:$NVM_NODE_PATH:$N_NODE_PATH:$XCODE_NODE_PATH:$PATH && node cordova/lib/copy-www-build-step.js";
			showEnvVarsInLog = 0;
		};
/* End PBXShellScriptBuildPhase section */

/* Begin PBXSourcesBuildPhase section */
		1D60588E0D05DD3D006BFB54 /* Sources */ = {
			isa = PBXSourcesBuildPhase;
			buildActionMask = 2147483647;
			files = (
				1D60589B0D05DD56006BFB54 /* main.m in Sources */,
				1D3623260D0F684500981E51 /* AppDelegate.m in Sources */,
				302D95F114D2391D003F00A1 /* MainViewController.m in Sources */,
				C524FC3CBCA24BF58F82D631 /* CDVLogger.m in Sources */,
				23AB5015044845F1AA7C7004 /* CDVDevice.m in Sources */,
				A82D2BAB03F04DD98E4C463C /* FacebookConnectPlugin.m in Sources */,
				9EB2196234514363B0C9E299 /* CDVSplashScreen.m in Sources */,
				FCBE9290B3834950B3FC9169 /* CDVViewController+SplashScreen.m in Sources */,
				D5FE31D39BAF4E8DB0CB8F66 /* CDVStatusBar.m in Sources */,
				A0813553B6C945EFBDD28F0E /* Toast+UIView.m in Sources */,
				8A9EE2808E88458685E7155C /* Toast.m in Sources */,
				919D342C294E4C06AEE79773 /* Sms.m in Sources */,
				940D1F5DF66A4617A4DF7683 /* IonicKeyboard.m in Sources */,
				226237EC186F4E48968752CB /* SQLitePlugin.m in Sources */,
				AC4C8FA6E8814A03843A1800 /* sqlite3.c in Sources */,
				A8A22D6CFC8147E2AB733C7B /* AppDelegate+notification.m in Sources */,
				75C5E4772FDA4563997049B7 /* PushPlugin.m in Sources */,
				7BA4749B0A054694BF600396 /* CDVLocation.m in Sources */,
			);
			runOnlyForDeploymentPostprocessing = 0;
		};
/* End PBXSourcesBuildPhase section */

/* Begin PBXTargetDependency section */
		301BF551109A68C00062928A /* PBXTargetDependency */ = {
			isa = PBXTargetDependency;
			name = CordovaLib;
			targetProxy = 301BF550109A68C00062928A /* PBXContainerItemProxy */;
		};
/* End PBXTargetDependency section */

/* Begin XCBuildConfiguration section */
		1D6058940D05DD3E006BFB54 /* Debug */ = {
			isa = XCBuildConfiguration;
			baseConfigurationReference = 3047A50F1AB8059700498E2A /* build-debug.xcconfig */;
			buildSettings = {
				ALWAYS_SEARCH_USER_PATHS = NO;
				ASSETCATALOG_COMPILER_APPICON_NAME = AppIcon;
				ASSETCATALOG_COMPILER_LAUNCHIMAGE_NAME = LaunchImage;
				CLANG_ENABLE_MODULES = YES;
				CLANG_ENABLE_OBJC_ARC = YES;
				CODE_SIGN_ENTITLEMENTS = vkirirom/vkirirom.entitlements;
				COPY_PHASE_STRIP = NO;
				DEVELOPMENT_TEAM = C8N2G545DX;
				FRAMEWORK_SEARCH_PATHS = (
					"$(inherited)",
					"\"vkirirom/Plugins/cordova-plugin-facebook4\"",
					"\"vkirirom/Plugins/cordova-plugin-facebook4\"",
					"\"vkirirom/Plugins/cordova-plugin-facebook4\"",
					"\"vkirirom/Plugins/cordova-plugin-facebook4\"",
					"\"vkirirom/Plugins/cordova-plugin-facebook4\"",
					"\"vkirirom/Plugins/cordova-plugin-facebook4\"",
					"\"vkirirom/Plugins/cordova-plugin-facebook4\"",
					"\"vkirirom/Plugins/cordova-plugin-facebook4\"",
				);
				GCC_DYNAMIC_NO_PIC = NO;
				GCC_OPTIMIZATION_LEVEL = 0;
				GCC_PRECOMPILE_PREFIX_HEADER = YES;
				GCC_PREFIX_HEADER = "vkirirom/vkirirom-Prefix.pch";
				GCC_THUMB_SUPPORT = NO;
				GCC_VERSION = "";
				INFOPLIST_FILE = "vkirirom/vkirirom-Info.plist";
				LD_RUNPATH_SEARCH_PATHS = "@executable_path/Frameworks";
				LIBRARY_SEARCH_PATHS = (
					"$(inherited)",
					"\"$(SRCROOT)/vkirirom/Plugins/phonegap-plugin-push/GCM/Libraries\"",
					"\"$(SRCROOT)/vkirirom/Plugins/phonegap-plugin-push/GCM/Libraries\"",
					"\"$(SRCROOT)/vkirirom/Plugins/phonegap-plugin-push/GCM/Libraries\"",
					"\"$(SRCROOT)/vkirirom/Plugins/phonegap-plugin-push/GCM/Libraries\"",
					"\"$(SRCROOT)/vkirirom/Plugins/phonegap-plugin-push/GCM/Libraries\"",
					"\"$(SRCROOT)/vkirirom/Plugins/phonegap-plugin-push/GCM/Libraries\"",
					"\"$(SRCROOT)/vkirirom/Plugins/phonegap-plugin-push/GCM/Libraries\"",
					"\"$(SRCROOT)/vkirirom/Plugins/phonegap-plugin-push/GCM/Libraries\"",
					"\"$(SRCROOT)/vkirirom/Plugins/phonegap-plugin-push/GCM/Libraries\"",
					"\"$(SRCROOT)/vkirirom/Plugins/phonegap-plugin-push/GCM/Libraries\"",
					"\"$(SRCROOT)/vkirirom/Plugins/phonegap-plugin-push/GCM/Libraries\"",
					"\"$(SRCROOT)/vkirirom/Plugins/phonegap-plugin-push/GCM/Libraries\"",
					"\"$(SRCROOT)/vkirirom/Plugins/phonegap-plugin-push/GCM/Libraries\"",
					"\"$(SRCROOT)/vkirirom/Plugins/phonegap-plugin-push/GCM/Libraries\"",
					"\"$(SRCROOT)/vkirirom/Plugins/phonegap-plugin-push/GCM/Libraries\"",
					"\"$(SRCROOT)/vkirirom/Plugins/phonegap-plugin-push/GCM/Libraries\"",
					"\"$(SRCROOT)/vkirirom/Plugins/phonegap-plugin-push/GCM/Libraries\"",
					"\"$(SRCROOT)/vkirirom/Plugins/phonegap-plugin-push/GCM/Libraries\"",
					"\"$(SRCROOT)/vkirirom/Plugins/phonegap-plugin-push/GCM/Libraries\"",
					"\"$(SRCROOT)/vkirirom/Plugins/phonegap-plugin-push/GCM/Libraries\"",
					"\"$(SRCROOT)/vkirirom/Plugins/phonegap-plugin-push/GCM/Libraries\"",
					"\"$(SRCROOT)/vkirirom/Plugins/phonegap-plugin-push/GCM/Libraries\"",
					"\"$(SRCROOT)/vkirirom/Plugins/phonegap-plugin-push/GCM/Libraries\"",
					"\"$(SRCROOT)/vkirirom/Plugins/phonegap-plugin-push/GCM/Libraries\"",
					"\"$(SRCROOT)/vkirirom/Plugins/phonegap-plugin-push/GCM/Libraries\"",
					"\"$(SRCROOT)/vkirirom/Plugins/phonegap-plugin-push/GCM/Libraries\"",
					"\"$(SRCROOT)/vkirirom/Plugins/phonegap-plugin-push/GCM/Libraries\"",
					"\"$(SRCROOT)/vkirirom/Plugins/phonegap-plugin-push/GCM/Libraries\"",
					"\"$(SRCROOT)/vkirirom/Plugins/phonegap-plugin-push/GCM/Libraries\"",
					"\"$(SRCROOT)/vkirirom/Plugins/phonegap-plugin-push/GCM/Libraries\"",
					"\"$(SRCROOT)/vkirirom/Plugins/phonegap-plugin-push/GCM/Libraries\"",
					"\"$(SRCROOT)/vkirirom/Plugins/phonegap-plugin-push/GCM/Libraries\"",
					"\"$(SRCROOT)/vkirirom/Plugins/phonegap-plugin-push/GCM/Libraries\"",
					"\"$(SRCROOT)/vkirirom/Plugins/phonegap-plugin-push/GCM/Libraries\"",
					"\"$(SRCROOT)/vkirirom/Plugins/phonegap-plugin-push/GCM/Libraries\"",
					"\"$(SRCROOT)/vkirirom/Plugins/phonegap-plugin-push/GCM/Libraries\"",
					"\"$(SRCROOT)/vkirirom/Plugins/phonegap-plugin-push/GCM/Libraries\"",
					"\"$(SRCROOT)/vkirirom/Plugins/phonegap-plugin-push/GCM/Libraries\"",
					"\"$(SRCROOT)/vkirirom/Plugins/phonegap-plugin-push/GCM/Libraries\"",
					"\"$(SRCROOT)/vkirirom/Plugins/phonegap-plugin-push/GCM/Libraries\"",
					"\"$(SRCROOT)/vkirirom/Plugins/phonegap-plugin-push/GCM/Libraries\"",
					"\"$(SRCROOT)/vkirirom/Plugins/phonegap-plugin-push/GCM/Libraries\"",
					"\"$(SRCROOT)/vkirirom/Plugins/phonegap-plugin-push/GCM/Libraries\"",
					"\"$(SRCROOT)/vkirirom/Plugins/phonegap-plugin-push/GCM/Libraries\"",
					"\"$(SRCROOT)/vkirirom/Plugins/phonegap-plugin-push/GCM/Libraries\"",
					"\"$(SRCROOT)/vkirirom/Plugins/phonegap-plugin-push/GCM/Libraries\"",
					"\"$(SRCROOT)/vkirirom/Plugins/phonegap-plugin-push/GCM/Libraries\"",
					"\"$(SRCROOT)/vkirirom/Plugins/phonegap-plugin-push/GCM/Libraries\"",
					"\"$(SRCROOT)/vkirirom/Plugins/phonegap-plugin-push/GCM/Libraries\"",
					"\"$(SRCROOT)/vkirirom/Plugins/phonegap-plugin-push/GCM/Libraries\"",
					"\"$(SRCROOT)/vkirirom/Plugins/phonegap-plugin-push/GCM/Libraries\"",
					"\"$(SRCROOT)/vkirirom/Plugins/phonegap-plugin-push/GCM/Libraries\"",
				);
				PRODUCT_NAME = vkirirom;
			};
			name = Debug;
		};
		1D6058950D05DD3E006BFB54 /* Release */ = {
			isa = XCBuildConfiguration;
			baseConfigurationReference = 3047A5101AB8059700498E2A /* build-release.xcconfig */;
			buildSettings = {
				ALWAYS_SEARCH_USER_PATHS = NO;
				ASSETCATALOG_COMPILER_APPICON_NAME = AppIcon;
				ASSETCATALOG_COMPILER_LAUNCHIMAGE_NAME = LaunchImage;
				CLANG_ENABLE_MODULES = YES;
				CLANG_ENABLE_OBJC_ARC = YES;
				CODE_SIGN_ENTITLEMENTS = vkirirom/vkirirom.entitlements;
				COPY_PHASE_STRIP = YES;
				DEVELOPMENT_TEAM = C8N2G545DX;
				FRAMEWORK_SEARCH_PATHS = (
					"$(inherited)",
					"\"vkirirom/Plugins/cordova-plugin-facebook4\"",
					"\"vkirirom/Plugins/cordova-plugin-facebook4\"",
					"\"vkirirom/Plugins/cordova-plugin-facebook4\"",
					"\"vkirirom/Plugins/cordova-plugin-facebook4\"",
					"\"vkirirom/Plugins/cordova-plugin-facebook4\"",
					"\"vkirirom/Plugins/cordova-plugin-facebook4\"",
					"\"vkirirom/Plugins/cordova-plugin-facebook4\"",
					"\"vkirirom/Plugins/cordova-plugin-facebook4\"",
				);
				GCC_PRECOMPILE_PREFIX_HEADER = YES;
				GCC_PREFIX_HEADER = "vkirirom/vkirirom-Prefix.pch";
				GCC_THUMB_SUPPORT = NO;
				GCC_VERSION = "";
				INFOPLIST_FILE = "vkirirom/vkirirom-Info.plist";
				LIBRARY_SEARCH_PATHS = (
					"$(inherited)",
					"\"$(SRCROOT)/vkirirom/Plugins/phonegap-plugin-push/GCM/Libraries\"",
					"\"$(SRCROOT)/vkirirom/Plugins/phonegap-plugin-push/GCM/Libraries\"",
					"\"$(SRCROOT)/vkirirom/Plugins/phonegap-plugin-push/GCM/Libraries\"",
					"\"$(SRCROOT)/vkirirom/Plugins/phonegap-plugin-push/GCM/Libraries\"",
					"\"$(SRCROOT)/vkirirom/Plugins/phonegap-plugin-push/GCM/Libraries\"",
					"\"$(SRCROOT)/vkirirom/Plugins/phonegap-plugin-push/GCM/Libraries\"",
					"\"$(SRCROOT)/vkirirom/Plugins/phonegap-plugin-push/GCM/Libraries\"",
					"\"$(SRCROOT)/vkirirom/Plugins/phonegap-plugin-push/GCM/Libraries\"",
					"\"$(SRCROOT)/vkirirom/Plugins/phonegap-plugin-push/GCM/Libraries\"",
					"\"$(SRCROOT)/vkirirom/Plugins/phonegap-plugin-push/GCM/Libraries\"",
					"\"$(SRCROOT)/vkirirom/Plugins/phonegap-plugin-push/GCM/Libraries\"",
					"\"$(SRCROOT)/vkirirom/Plugins/phonegap-plugin-push/GCM/Libraries\"",
					"\"$(SRCROOT)/vkirirom/Plugins/phonegap-plugin-push/GCM/Libraries\"",
					"\"$(SRCROOT)/vkirirom/Plugins/phonegap-plugin-push/GCM/Libraries\"",
					"\"$(SRCROOT)/vkirirom/Plugins/phonegap-plugin-push/GCM/Libraries\"",
					"\"$(SRCROOT)/vkirirom/Plugins/phonegap-plugin-push/GCM/Libraries\"",
					"\"$(SRCROOT)/vkirirom/Plugins/phonegap-plugin-push/GCM/Libraries\"",
					"\"$(SRCROOT)/vkirirom/Plugins/phonegap-plugin-push/GCM/Libraries\"",
					"\"$(SRCROOT)/vkirirom/Plugins/phonegap-plugin-push/GCM/Libraries\"",
					"\"$(SRCROOT)/vkirirom/Plugins/phonegap-plugin-push/GCM/Libraries\"",
					"\"$(SRCROOT)/vkirirom/Plugins/phonegap-plugin-push/GCM/Libraries\"",
					"\"$(SRCROOT)/vkirirom/Plugins/phonegap-plugin-push/GCM/Libraries\"",
					"\"$(SRCROOT)/vkirirom/Plugins/phonegap-plugin-push/GCM/Libraries\"",
					"\"$(SRCROOT)/vkirirom/Plugins/phonegap-plugin-push/GCM/Libraries\"",
					"\"$(SRCROOT)/vkirirom/Plugins/phonegap-plugin-push/GCM/Libraries\"",
					"\"$(SRCROOT)/vkirirom/Plugins/phonegap-plugin-push/GCM/Libraries\"",
					"\"$(SRCROOT)/vkirirom/Plugins/phonegap-plugin-push/GCM/Libraries\"",
					"\"$(SRCROOT)/vkirirom/Plugins/phonegap-plugin-push/GCM/Libraries\"",
					"\"$(SRCROOT)/vkirirom/Plugins/phonegap-plugin-push/GCM/Libraries\"",
					"\"$(SRCROOT)/vkirirom/Plugins/phonegap-plugin-push/GCM/Libraries\"",
					"\"$(SRCROOT)/vkirirom/Plugins/phonegap-plugin-push/GCM/Libraries\"",
					"\"$(SRCROOT)/vkirirom/Plugins/phonegap-plugin-push/GCM/Libraries\"",
					"\"$(SRCROOT)/vkirirom/Plugins/phonegap-plugin-push/GCM/Libraries\"",
					"\"$(SRCROOT)/vkirirom/Plugins/phonegap-plugin-push/GCM/Libraries\"",
					"\"$(SRCROOT)/vkirirom/Plugins/phonegap-plugin-push/GCM/Libraries\"",
					"\"$(SRCROOT)/vkirirom/Plugins/phonegap-plugin-push/GCM/Libraries\"",
					"\"$(SRCROOT)/vkirirom/Plugins/phonegap-plugin-push/GCM/Libraries\"",
					"\"$(SRCROOT)/vkirirom/Plugins/phonegap-plugin-push/GCM/Libraries\"",
					"\"$(SRCROOT)/vkirirom/Plugins/phonegap-plugin-push/GCM/Libraries\"",
					"\"$(SRCROOT)/vkirirom/Plugins/phonegap-plugin-push/GCM/Libraries\"",
					"\"$(SRCROOT)/vkirirom/Plugins/phonegap-plugin-push/GCM/Libraries\"",
					"\"$(SRCROOT)/vkirirom/Plugins/phonegap-plugin-push/GCM/Libraries\"",
					"\"$(SRCROOT)/vkirirom/Plugins/phonegap-plugin-push/GCM/Libraries\"",
					"\"$(SRCROOT)/vkirirom/Plugins/phonegap-plugin-push/GCM/Libraries\"",
					"\"$(SRCROOT)/vkirirom/Plugins/phonegap-plugin-push/GCM/Libraries\"",
					"\"$(SRCROOT)/vkirirom/Plugins/phonegap-plugin-push/GCM/Libraries\"",
					"\"$(SRCROOT)/vkirirom/Plugins/phonegap-plugin-push/GCM/Libraries\"",
					"\"$(SRCROOT)/vkirirom/Plugins/phonegap-plugin-push/GCM/Libraries\"",
					"\"$(SRCROOT)/vkirirom/Plugins/phonegap-plugin-push/GCM/Libraries\"",
					"\"$(SRCROOT)/vkirirom/Plugins/phonegap-plugin-push/GCM/Libraries\"",
					"\"$(SRCROOT)/vkirirom/Plugins/phonegap-plugin-push/GCM/Libraries\"",
					"\"$(SRCROOT)/vkirirom/Plugins/phonegap-plugin-push/GCM/Libraries\"",
				);
				PRODUCT_NAME = vkirirom;
			};
			name = Release;
		};
		C01FCF4F08A954540054247B /* Debug */ = {
			isa = XCBuildConfiguration;
			baseConfigurationReference = 3047A5111AB8059700498E2A /* build.xcconfig */;
			buildSettings = {
				CLANG_ENABLE_MODULES = YES;
				CLANG_ENABLE_OBJC_ARC = YES;
				CLANG_WARN_BOOL_CONVERSION = YES;
				CLANG_WARN_CONSTANT_CONVERSION = YES;
				CLANG_WARN_EMPTY_BODY = YES;
				CLANG_WARN_ENUM_CONVERSION = YES;
				CLANG_WARN_INT_CONVERSION = YES;
				CLANG_WARN__DUPLICATE_METHOD_MATCH = YES;
				GCC_C_LANGUAGE_STANDARD = c99;
				GCC_THUMB_SUPPORT = NO;
				GCC_VERSION = "";
				GCC_WARN_ABOUT_RETURN_TYPE = YES;
				GCC_WARN_UNDECLARED_SELECTOR = YES;
				GCC_WARN_UNINITIALIZED_AUTOS = YES;
				GCC_WARN_UNUSED_FUNCTION = YES;
				GCC_WARN_UNUSED_VARIABLE = YES;
				ONLY_ACTIVE_ARCH = YES;
				SDKROOT = iphoneos;
				SKIP_INSTALL = NO;
			};
			name = Debug;
		};
		C01FCF5008A954540054247B /* Release */ = {
			isa = XCBuildConfiguration;
			baseConfigurationReference = 3047A5111AB8059700498E2A /* build.xcconfig */;
			buildSettings = {
				CLANG_ENABLE_MODULES = YES;
				CLANG_ENABLE_OBJC_ARC = YES;
				CLANG_WARN_BOOL_CONVERSION = YES;
				CLANG_WARN_CONSTANT_CONVERSION = YES;
				CLANG_WARN_EMPTY_BODY = YES;
				CLANG_WARN_ENUM_CONVERSION = YES;
				CLANG_WARN_INT_CONVERSION = YES;
				CLANG_WARN__DUPLICATE_METHOD_MATCH = YES;
				GCC_C_LANGUAGE_STANDARD = c99;
				GCC_THUMB_SUPPORT = NO;
				GCC_VERSION = "";
				GCC_WARN_ABOUT_RETURN_TYPE = YES;
				GCC_WARN_UNDECLARED_SELECTOR = YES;
				GCC_WARN_UNINITIALIZED_AUTOS = YES;
				GCC_WARN_UNUSED_FUNCTION = YES;
				GCC_WARN_UNUSED_VARIABLE = YES;
				SDKROOT = iphoneos;
				SKIP_INSTALL = NO;
			};
			name = Release;
		};
/* End XCBuildConfiguration section */

/* Begin XCConfigurationList section */
		1D6058960D05DD3E006BFB54 /* Build configuration list for PBXNativeTarget "vkirirom" */ = {
			isa = XCConfigurationList;
			buildConfigurations = (
				1D6058940D05DD3E006BFB54 /* Debug */,
				1D6058950D05DD3E006BFB54 /* Release */,
			);
			defaultConfigurationIsVisible = 0;
			defaultConfigurationName = Release;
		};
		C01FCF4E08A954540054247B /* Build configuration list for PBXProject "vkirirom" */ = {
			isa = XCConfigurationList;
			buildConfigurations = (
				C01FCF4F08A954540054247B /* Debug */,
				C01FCF5008A954540054247B /* Release */,
			);
			defaultConfigurationIsVisible = 0;
			defaultConfigurationName = Release;
		};
/* End XCConfigurationList section */
	};
	rootObject = 29B97313FDCFA39411CA2CEA /* Project object */;
}
